{
  "name": "devlog-theme-assets",
  "version": "1.0.0",
  "lockfileVersion": 3,
  "requires": true,
  "packages": {
    "": {
      "name": "devlog-theme-assets",
      "version": "1.0.0",
      "dependencies": {
        "@fortawesome/fontawesome-free": "^6.5.1",
        "@highlightjs/cdn-assets": "^11.9.0",
        "@types/highlightjs": "^9.12.6",
        "jquery": "^3.7.1",
        "modern-normalize": "^2.0.0"
      },
      "devDependencies": {
        "@types/jquery": "^3.5.29"
      }
    },
    "node_modules/@fortawesome/fontawesome-free": {
      "version": "6.5.1",
      "resolved": "https://registry.npmjs.org/@fortawesome/fontawesome-free/-/fontawesome-free-6.5.1.tgz",
      "integrity": "sha512-CNy5vSwN3fsUStPRLX7fUYojyuzoEMSXPl7zSLJ8TgtRfjv24LOnOWKT2zYwaHZCJGkdyRnTmstR0P+Ah503Gw==",
      "hasInstallScript": true,
      "engines": {
        "node": ">=6"
      }
    },
    "node_modules/@highlightjs/cdn-assets": {
      "version": "11.9.0",
      "resolved": "https://registry.npmjs.org/@highlightjs/cdn-assets/-/cdn-assets-11.9.0.tgz",
      "integrity": "sha512-F1vJKVAkLwj2Uz2ik1PDc+mDbkrecLI6gcBlAxSRUjyDpMPJjeDBanT9Y2B+xpNe1MT6zSG204Ohm/+nUMCApQ==",
      "engines": {
        "node": ">=12.0.0"
      }
    },
    "node_modules/@types/highlightjs": {
      "version": "9.12.6",
      "resolved": "https://registry.npmjs.org/@types/highlightjs/-/highlightjs-9.12.6.tgz",
      "integrity": "sha512-Qfd1DUrwE851Hc3tExADJY4qY8yeZMt06Xw9AJm/UtpneepJS3MZY29c33BY0wP899veaaHD4gZzYiSuQm84Fg=="
    },
    "node_modules/@types/jquery": {
      "version": "3.5.29",
      "resolved": "https://registry.npmjs.org/@types/jquery/-/jquery-3.5.29.tgz",
      "integrity": "sha512-oXQQC9X9MOPRrMhPHHOsXqeQDnWeCDT3PelUIg/Oy8FAbzSZtFHRjc7IpbfFVmpLtJ+UOoywpRsuO5Jxjybyeg==",
      "dev": true,
      "dependencies": {
        "@types/sizzle": "*"
      }
    },
    "node_modules/@types/sizzle": {
      "version": "2.3.8",
      "resolved": "https://registry.npmjs.org/@types/sizzle/-/sizzle-2.3.8.tgz",
      "integrity": "sha512-0vWLNK2D5MT9dg0iOo8GlKguPAU02QjmZitPEsXRuJXU/OGIOt9vT9Fc26wtYuavLxtO45v9PGleoL9Z0k1LHg==",
      "dev": true
    },
    "node_modules/jquery": {
      "version": "3.7.1",
      "resolved": "https://registry.npmjs.org/jquery/-/jquery-3.7.1.tgz",
      "integrity": "sha512-m4avr8yL8kmFN8psrbFFFmB/If14iN5o9nw/NgnnM+kybDJpRsAynV2BsfpTYrTRysYUdADVD7CkUUizgkpLfg=="
    },
    "node_modules/modern-normalize": {
      "version": "2.0.0",
      "resolved": "https://registry.npmjs.org/modern-normalize/-/modern-normalize-2.0.0.tgz",
      "integrity": "sha512-CxBoEVKh5U4DH3XuNbc5ONLF6dQBc8dSc7pdZ1957FGbIO5JBqGqqchhET9dTexri8/pk9xBL6+5ceOtCIp1QA==",
      "engines": {
        "node": ">=6"
      },
      "funding": {
        "url": "https://github.com/sponsors/sindresorhus"
      }
    }
  }
}
