{
  "name": "docu-hub",
  "version": "1.0.0",
  "lockfileVersion": 3,
  "requires": true,
  "packages": {
    "": {
      "name": "docu-hub",
      "version": "1.0.0",
      "dependencies": {
        "@fortawesome/fontawesome-free": "^6.5.0",
        "jquery": "^3.7.1",
        "modern-normalize": "^2.0.0",
        "pagefind": "^1.0.4"
      }
    },
    "node_modules/@fortawesome/fontawesome-free": {
      "version": "6.5.0",
      "resolved": "https://registry.npmjs.org/@fortawesome/fontawesome-free/-/fontawesome-free-6.5.0.tgz",
      "integrity": "sha512-npV8sIYN4tQmLkzkWU6Q2Ot8L3XqBzLpS+rGTl96nFM7qbMWIoFqcdp0YrcWlfRDQx5G+gA2sn8uSFNRAYTrrA==",
      "hasInstallScript": true,
      "engines": {
        "node": ">=6"
      }
    },
    "node_modules/@pagefind/darwin-arm64": {
      "version": "1.0.4",
      "resolved": "https://registry.npmjs.org/@pagefind/darwin-arm64/-/darwin-arm64-1.0.4.tgz",
      "integrity": "sha512-2OcthvceX2xhm5XbgOmW+lT45oLuHqCmvFeFtxh1gsuP5cO8vcD8ZH8Laj4pXQFCcK6eAdSShx+Ztx/LsQWZFQ==",
      "cpu": [
        "arm64"
      ],
      "optional": true,
      "os": [
        "darwin"
      ]
    },
    "node_modules/@pagefind/darwin-x64": {
      "version": "1.0.4",
      "resolved": "https://registry.npmjs.org/@pagefind/darwin-x64/-/darwin-x64-1.0.4.tgz",
      "integrity": "sha512-xkdvp0D9Ld/ZKsjo/y1bgfhTEU72ITimd2PMMQtts7jf6JPIOJbsiErCvm37m/qMFuPGEq/8d+fZ4pydOj08HQ==",
      "cpu": [
        "x64"
      ],
      "optional": true,
      "os": [
        "darwin"
      ]
    },
    "node_modules/@pagefind/linux-arm64": {
      "version": "1.0.4",
      "resolved": "https://registry.npmjs.org/@pagefind/linux-arm64/-/linux-arm64-1.0.4.tgz",
      "integrity": "sha512-jGBrcCzIrMnNxLKVtogaQyajVfTAXM59KlBEwg6vTn8NW4fQ6nuFbbhlG4dTIsaamjEM5e8ZBEAKZfTB/qd9xw==",
      "cpu": [
        "arm64"
      ],
      "optional": true,
      "os": [
        "linux"
      ]
    },
    "node_modules/@pagefind/linux-x64": {
      "version": "1.0.4",
      "resolved": "https://registry.npmjs.org/@pagefind/linux-x64/-/linux-x64-1.0.4.tgz",
      "integrity": "sha512-LIn/QcvcEtLEBqKe5vpSbSC2O3fvqbRCWOTIklslqSORisCsvzsWbP6j+LYxE9q0oWIfkdMoWV1vrE/oCKRxHg==",
      "cpu": [
        "x64"
      ],
      "optional": true,
      "os": [
        "linux"
      ]
    },
    "node_modules/@pagefind/windows-x64": {
      "version": "1.0.4",
      "resolved": "https://registry.npmjs.org/@pagefind/windows-x64/-/windows-x64-1.0.4.tgz",
      "integrity": "sha512-QlBCVeZfj9fc9sbUgdOz76ZDbeK4xZihOBAFqGuRJeChfM8pnVeH9iqSnXgO3+m9oITugTf7PicyRUFAG76xeQ==",
      "cpu": [
        "x64"
      ],
      "optional": true,
      "os": [
        "win32"
      ]
    },
    "node_modules/jquery": {
      "version": "3.7.1",
      "resolved": "https://registry.npmjs.org/jquery/-/jquery-3.7.1.tgz",
      "integrity": "sha512-m4avr8yL8kmFN8psrbFFFmB/If14iN5o9nw/NgnnM+kybDJpRsAynV2BsfpTYrTRysYUdADVD7CkUUizgkpLfg=="
    },
    "node_modules/modern-normalize": {
      "version": "2.0.0",
      "resolved": "https://registry.npmjs.org/modern-normalize/-/modern-normalize-2.0.0.tgz",
      "integrity": "sha512-CxBoEVKh5U4DH3XuNbc5ONLF6dQBc8dSc7pdZ1957FGbIO5JBqGqqchhET9dTexri8/pk9xBL6+5ceOtCIp1QA==",
      "engines": {
        "node": ">=6"
      },
      "funding": {
        "url": "https://github.com/sponsors/sindresorhus"
      }
    },
    "node_modules/pagefind": {
      "version": "1.0.4",
      "resolved": "https://registry.npmjs.org/pagefind/-/pagefind-1.0.4.tgz",
      "integrity": "sha512-oRIizYe+zSI2Jw4zcMU0ebDZm27751hRFiSOBLwc1OIYMrsZKk+3m8p9EVaOmc6zZdtqwwdilNUNxXvBeHcP9w==",
      "bin": {
        "pagefind": "lib/runner/bin.cjs"
      },
      "optionalDependencies": {
        "@pagefind/darwin-arm64": "1.0.4",
        "@pagefind/darwin-x64": "1.0.4",
        "@pagefind/linux-arm64": "1.0.4",
        "@pagefind/linux-x64": "1.0.4",
        "@pagefind/windows-x64": "1.0.4"
      }
    }
  }
}
